Microsoft Visual Studio Solution File, Format Version 12.00
# Visual Studio 2012
Project("{FAE04EC0-301F-11D3-BF4B-00C04F79EFBC}") = "植物大战僵尸", "植物大战僵尸.csproj", "{EEB44FB5-16EA-4C53-A974-CFC8307C3DF4}"
EndProject
Global
	GlobalSection(SolutionConfigurationPlatforms) = preSolution
	Debug|Any CPU = Debug|Any CPU
	ExportDebug|Any CPU = ExportDebug|Any CPU
	ExportRelease|Any CPU = ExportRelease|Any CPU
	EndGlobalSection
	GlobalSection(ProjectConfigurationPlatforms) = postSolution
		{EEB44FB5-16EA-4C53-A974-CFC8307C3DF4}.Debug|Any CPU.ActiveCfg = Debug|Any CPU
		{EEB44FB5-16EA-4C53-A974-CFC8307C3DF4}.Debug|Any CPU.Build.0 = Debug|Any CPU
		{EEB44FB5-16EA-4C53-A974-CFC8307C3DF4}.ExportDebug|Any CPU.ActiveCfg = ExportDebug|Any CPU
		{EEB44FB5-16EA-4C53-A974-CFC8307C3DF4}.ExportDebug|Any CPU.Build.0 = ExportDebug|Any CPU
		{EEB44FB5-16EA-4C53-A974-CFC8307C3DF4}.ExportRelease|Any CPU.ActiveCfg = ExportRelease|Any CPU
		{EEB44FB5-16EA-4C53-A974-CFC8307C3DF4}.ExportRelease|Any CPU.Build.0 = ExportRelease|Any CPU
	EndGlobalSection
EndGlobal
